
Microsoft Visual Studio Solution File, Format Version 12.00
Project("{FAE04EC0-301F-11D3-BF4B-00C04F79EFBC}") = "Zefir.API", "Zefir.API\Zefir.API.csproj", "{4C495F20-5E80-431A-B6F1-37F840F8FD71}"
EndProject
Project("{FAE04EC0-301F-11D3-BF4B-00C04F79EFBC}") = "Zefir.Core", "Zefir.Core\Zefir.Core.csproj", "{B13B141E-804F-48AB-975A-6083051D58D8}"
EndProject
Project("{FAE04EC0-301F-11D3-BF4B-00C04F79EFBC}") = "Zefir.BL", "Zefir.BL\Zefir.BL.csproj", "{D54BBA9F-B02C-4D06-9A95-B89F697B985B}"
EndProject
Project("{FAE04EC0-301F-11D3-BF4B-00C04F79EFBC}") = "Zefir.DAL", "Zefir.DAL\Zefir.DAL.csproj", "{39EB3F89-9BF4-42CE-8B23-897CF31C26A5}"
EndProject
Project("{FAE04EC0-301F-11D3-BF4B-00C04F79EFBC}") = "Zefir.Common", "Zefir.Common\Zefir.Common.csproj", "{4F0E98AF-E0BA-4217-B7DF-11297EFDFCBF}"
EndProject
Project("{FAE04EC0-301F-11D3-BF4B-00C04F79EFBC}") = "Zefir.Tests.API", "Zefir.Tests.API\Zefir.Tests.API.csproj", "{FFF05702-D3AC-4376-BF3E-5B1E472039F0}"
EndProject
Global
	GlobalSection(SolutionConfigurationPlatforms) = preSolution
		Debug|Any CPU = Debug|Any CPU
		Release|Any CPU = Release|Any CPU
	EndGlobalSection
	GlobalSection(ProjectConfigurationPlatforms) = postSolution
		{4C495F20-5E80-431A-B6F1-37F840F8FD71}.Debug|Any CPU.ActiveCfg = Debug|Any CPU
		{4C495F20-5E80-431A-B6F1-37F840F8FD71}.Debug|Any CPU.Build.0 = Debug|Any CPU
		{4C495F20-5E80-431A-B6F1-37F840F8FD71}.Release|Any CPU.ActiveCfg = Release|Any CPU
		{4C495F20-5E80-431A-B6F1-37F840F8FD71}.Release|Any CPU.Build.0 = Release|Any CPU
		{B13B141E-804F-48AB-975A-6083051D58D8}.Debug|Any CPU.ActiveCfg = Debug|Any CPU
		{B13B141E-804F-48AB-975A-6083051D58D8}.Debug|Any CPU.Build.0 = Debug|Any CPU
		{B13B141E-804F-48AB-975A-6083051D58D8}.Release|Any CPU.ActiveCfg = Release|Any CPU
		{B13B141E-804F-48AB-975A-6083051D58D8}.Release|Any CPU.Build.0 = Release|Any CPU
		{D54BBA9F-B02C-4D06-9A95-B89F697B985B}.Debug|Any CPU.ActiveCfg = Debug|Any CPU
		{D54BBA9F-B02C-4D06-9A95-B89F697B985B}.Debug|Any CPU.Build.0 = Debug|Any CPU
		{D54BBA9F-B02C-4D06-9A95-B89F697B985B}.Release|Any CPU.ActiveCfg = Release|Any CPU
		{D54BBA9F-B02C-4D06-9A95-B89F697B985B}.Release|Any CPU.Build.0 = Release|Any CPU
		{39EB3F89-9BF4-42CE-8B23-897CF31C26A5}.Debug|Any CPU.ActiveCfg = Debug|Any CPU
		{39EB3F89-9BF4-42CE-8B23-897CF31C26A5}.Debug|Any CPU.Build.0 = Debug|Any CPU
		{39EB3F89-9BF4-42CE-8B23-897CF31C26A5}.Release|Any CPU.ActiveCfg = Release|Any CPU
		{39EB3F89-9BF4-42CE-8B23-897CF31C26A5}.Release|Any CPU.Build.0 = Release|Any CPU
		{4F0E98AF-E0BA-4217-B7DF-11297EFDFCBF}.Debug|Any CPU.ActiveCfg = Debug|Any CPU
		{4F0E98AF-E0BA-4217-B7DF-11297EFDFCBF}.Debug|Any CPU.Build.0 = Debug|Any CPU
		{4F0E98AF-E0BA-4217-B7DF-11297EFDFCBF}.Release|Any CPU.ActiveCfg = Release|Any CPU
		{4F0E98AF-E0BA-4217-B7DF-11297EFDFCBF}.Release|Any CPU.Build.0 = Release|Any CPU
		{FFF05702-D3AC-4376-BF3E-5B1E472039F0}.Debug|Any CPU.ActiveCfg = Debug|Any CPU
		{FFF05702-D3AC-4376-BF3E-5B1E472039F0}.Debug|Any CPU.Build.0 = Debug|Any CPU
		{FFF05702-D3AC-4376-BF3E-5B1E472039F0}.Release|Any CPU.ActiveCfg = Release|Any CPU
		{FFF05702-D3AC-4376-BF3E-5B1E472039F0}.Release|Any CPU.Build.0 = Release|Any CPU
	EndGlobalSection
EndGlobal
